
Microsoft Visual Studio Solution File, Format Version 12.00
# Visual Studio 2013
VisualStudioVersion = 12.0.30324.0
MinimumVisualStudioVersion = 10.0.40219.1
Project("{FAE04EC0-301F-11D3-BF4B-00C04F79EFBC}") = "MiningDataService", "MiningDataService\MiningDataService.csproj", "{8A96D6F3-AF9B-4754-A135-B61B95B35902}"
EndProject
Project("{2150E333-8FDC-42A3-9474-1A3956D46DE8}") = "Scripts", "Scripts", "{0F998BE3-1B54-4F7D-8684-44BA6206FF00}"
	ProjectSection(SolutionItems) = preProject
		DB.sql = DB.sql
	EndProjectSection
EndProject
Project("{FAE04EC0-301F-11D3-BF4B-00C04F79EFBC}") = "StatsParser", "StatsParser\StatsParser.csproj", "{132337DC-2BC1-4EE2-A534-2EB88E0C361B}"
EndProject
Project("{FAE04EC0-301F-11D3-BF4B-00C04F79EFBC}") = "MiningReporting.Tests", "MiningReporting.Tests\MiningReporting.Tests.csproj", "{9736B44E-8ED2-46A4-9AF8-594DDD1FAAA6}"
EndProject
Project("{FAE04EC0-301F-11D3-BF4B-00C04F79EFBC}") = "Common", "Common\Common.csproj", "{3EA32F8F-1FEE-4536-A442-F87A58AFC71E}"
EndProject
Project("{FAE04EC0-301F-11D3-BF4B-00C04F79EFBC}") = "DataAccess", "DataAccess\DataAccess.csproj", "{18A82984-5446-4186-B465-BB5B25AAA63A}"
EndProject
Project("{CC5FD16D-436D-48AD-A40C-5A424C6E3E79}") = "CloudSampleCapture", "CloudSampleCapture\CloudSampleCapture.ccproj", "{DB21BDB0-CF1D-418E-856F-F54C9B979173}"
EndProject
Project("{FAE04EC0-301F-11D3-BF4B-00C04F79EFBC}") = "PoolDataCollector", "PoolDataCollector\PoolDataCollector.csproj", "{DAB5727D-1074-4CFD-83AA-87E853BD996C}"
EndProject
Project("{FAE04EC0-301F-11D3-BF4B-00C04F79EFBC}") = "ReportingCommon", "ReportingCommon\ReportingCommon.csproj", "{594F38A8-80E2-4304-B860-98088639CB8D}"
EndProject
Project("{00D1A9C2-B5F0-4AF3-8072-F6C62B433612}") = "Database", "Database\Database.sqlproj", "{3093F3E6-C8BA-4FC9-A7BC-CC9432221FDF}"
EndProject
Project("{2150E333-8FDC-42A3-9474-1A3956D46DE8}") = "RigManagement", "RigManagement", "{55FDEB30-2CAA-4309-8F99-F58872F11253}"
EndProject
Project("{8BC9CEB8-8B4A-11D0-8D11-00A0C91BC942}") = "RestartSystem", "RestartSystem\RestartSystem.vcxproj", "{40D9777F-FEA1-4A6A-91D2-67BA4C482E4C}"
EndProject
Project("{FAE04EC0-301F-11D3-BF4B-00C04F79EFBC}") = "PCRestarterManaged", "PCRestarterManaged\PCRestarterManaged.csproj", "{5365BE03-9C5D-427C-BF8D-905ADA3C267F}"
EndProject
Project("{FAE04EC0-301F-11D3-BF4B-00C04F79EFBC}") = "ManagementService", "ManagementService\ManagementService.csproj", "{38BDC7BA-1248-4997-9542-C02B37A90B3D}"
EndProject
Project("{FAE04EC0-301F-11D3-BF4B-00C04F79EFBC}") = "ServiceBusConnector", "ServiceBusConnector\ServiceBusConnector.csproj", "{98AD9B12-5381-40A8-8377-88DB41E37E30}"
EndProject
Project("{FAE04EC0-301F-11D3-BF4B-00C04F79EFBC}") = "CommonInterfaces", "CommonInterfaces\CommonInterfaces.csproj", "{4D9E5A96-BCCC-4682-8814-7FDCA079E392}"
EndProject
Project("{FAE04EC0-301F-11D3-BF4B-00C04F79EFBC}") = "RigManager", "RigManager\RigManager.csproj", "{2275B63E-A7F1-4675-B81D-74C4ED87102D}"
EndProject
Project("{2150E333-8FDC-42A3-9474-1A3956D46DE8}") = "Reporting Site", "Reporting Site", "{3A545452-6C40-4564-A0E3-70BEFD3A2BBE}"
EndProject
Project("{FAE04EC0-301F-11D3-BF4B-00C04F79EFBC}") = "WebPresence", "WebPresence\WebPresence.csproj", "{B0D81801-4A72-4F52-BFEF-FCEA34CE6D2A}"
EndProject
Project("{FAE04EC0-301F-11D3-BF4B-00C04F79EFBC}") = "WebPresence.Tests", "WebPresence.Tests\WebPresence.Tests.csproj", "{EA49D5EE-309E-4089-ADEC-280E6A4DD6E8}"
EndProject
Project("{2150E333-8FDC-42A3-9474-1A3956D46DE8}") = "Data Service", "Data Service", "{DAEC6356-EDBC-45D7-89E8-76E88618A279}"
EndProject
Project("{FAE04EC0-301F-11D3-BF4B-00C04F79EFBC}") = "WebDataAcess", "WebDataAcess\WebDataAcess.csproj", "{82A5DDF3-BD82-40CA-8783-3B127CFDC35B}"
EndProject
Project("{FAE04EC0-301F-11D3-BF4B-00C04F79EFBC}") = "WebDataAcess.Tests", "WebDataAcess.Tests\WebDataAcess.Tests.csproj", "{E4B7BB71-42ED-4546-BD7F-E09881F19763}"
EndProject
Project("{2150E333-8FDC-42A3-9474-1A3956D46DE8}") = "Rig Collectors", "Rig Collectors", "{AF9DB612-ED41-4B58-B247-6F3410EA83AC}"
EndProject
Project("{FAE04EC0-301F-11D3-BF4B-00C04F79EFBC}") = "Collector", "Collector\Collector.csproj", "{A577C4AD-8871-4790-90CD-1DDC9B64E364}"
EndProject
Project("{FAE04EC0-301F-11D3-BF4B-00C04F79EFBC}") = "WakeOnLan", "WakeOnLan\WakeOnLan.csproj", "{D6918F2D-0400-4BE9-8ABB-9693E411C844}"
EndProject
Project("{FAE04EC0-301F-11D3-BF4B-00C04F79EFBC}") = "CollectorService", "CollectorService\CollectorService.csproj", "{F8515903-8410-425F-8826-A93701100756}"
EndProject
Global
	GlobalSection(TeamFoundationVersionControl) = preSolution
		SccNumberOfProjects = 23
		SccEnterpriseProvider = {4CA58AB2-18FA-4F8D-95D4-32DDF27D184C}
		SccTeamFoundationServer = https://adamze.visualstudio.com/defaultcollection
		SccLocalPath0 = .
		SccProjectUniqueName1 = MiningDataService\\MiningDataService.csproj
		SccProjectName1 = MiningDataService
		SccLocalPath1 = MiningDataService
		SccProjectUniqueName2 = StatsParser\\StatsParser.csproj
		SccProjectName2 = StatsParser
		SccLocalPath2 = StatsParser
		SccProjectUniqueName3 = MiningReporting.Tests\\MiningReporting.Tests.csproj
		SccProjectName3 = MiningReporting.Tests
		SccLocalPath3 = MiningReporting.Tests
		SccProjectUniqueName4 = Common\\Common.csproj
		SccProjectName4 = Common
		SccLocalPath4 = Common
		SccProjectUniqueName5 = DataAccess\\DataAccess.csproj
		SccProjectName5 = DataAccess
		SccLocalPath5 = DataAccess
		SccProjectUniqueName6 = CloudSampleCapture\\CloudSampleCapture.ccproj
		SccProjectName6 = CloudSampleCapture
		SccLocalPath6 = CloudSampleCapture
		SccProjectUniqueName7 = PoolDataCollector\\PoolDataCollector.csproj
		SccProjectName7 = PoolDataCollector
		SccLocalPath7 = PoolDataCollector
		SccProjectUniqueName8 = ReportingCommon\\ReportingCommon.csproj
		SccProjectName8 = ReportingCommon
		SccLocalPath8 = ReportingCommon
		SccProjectUniqueName9 = Database\\Database.sqlproj
		SccProjectName9 = Database
		SccLocalPath9 = Database
		SccProjectUniqueName10 = PCRestarterManaged\\PCRestarterManaged.csproj
		SccProjectTopLevelParentUniqueName10 = Mining.sln
		SccProjectName10 = PCRestarterManaged
		SccLocalPath10 = PCRestarterManaged
		SccProjectUniqueName11 = ManagementService\\ManagementService.csproj
		SccProjectTopLevelParentUniqueName11 = Mining.sln
		SccProjectName11 = ManagementService
		SccLocalPath11 = ManagementService
		SccProjectUniqueName12 = ServiceBusConnector\\ServiceBusConnector.csproj
		SccProjectTopLevelParentUniqueName12 = Mining.sln
		SccProjectName12 = ServiceBusConnector
		SccLocalPath12 = ServiceBusConnector
		SccProjectUniqueName13 = CommonInterfaces\\CommonInterfaces.csproj
		SccProjectTopLevelParentUniqueName13 = Mining.sln
		SccProjectName13 = CommonInterfaces
		SccLocalPath13 = CommonInterfaces
		SccProjectUniqueName14 = RigManager\\RigManager.csproj
		SccProjectTopLevelParentUniqueName14 = Mining.sln
		SccProjectName14 = RigManager
		SccLocalPath14 = RigManager
		SccProjectUniqueName15 = WebPresence\\WebPresence.csproj
		SccProjectTopLevelParentUniqueName15 = Mining.sln
		SccProjectName15 = WebPresence
		SccLocalPath15 = WebPresence
		SccProjectUniqueName16 = WebPresence.Tests\\WebPresence.Tests.csproj
		SccProjectTopLevelParentUniqueName16 = Mining.sln
		SccProjectName16 = WebPresence.Tests
		SccLocalPath16 = WebPresence.Tests
		SccProjectUniqueName17 = WebDataAcess\\WebDataAcess.csproj
		SccProjectTopLevelParentUniqueName17 = Mining.sln
		SccProjectName17 = WebDataAcess
		SccLocalPath17 = WebDataAcess
		SccProjectUniqueName18 = WebDataAcess.Tests\\WebDataAcess.Tests.csproj
		SccProjectTopLevelParentUniqueName18 = Mining.sln
		SccProjectName18 = WebDataAcess.Tests
		SccLocalPath18 = WebDataAcess.Tests
		SccProjectUniqueName19 = RestartSystem\\RestartSystem.vcxproj
		SccProjectTopLevelParentUniqueName19 = Mining.sln
		SccProjectName19 = RestartSystem
		SccLocalPath19 = RestartSystem
		SccProjectUniqueName20 = Collector\\Collector.csproj
		SccProjectTopLevelParentUniqueName20 = Mining.sln
		SccProjectName20 = Collector
		SccLocalPath20 = Collector
		SccProjectUniqueName21 = WakeOnLan\\WakeOnLan.csproj
		SccProjectName21 = WakeOnLan
		SccLocalPath21 = WakeOnLan
		SccProjectUniqueName22 = CollectorService\\CollectorService.csproj
		SccProjectTopLevelParentUniqueName22 = Mining.sln
		SccProjectName22 = CollectorService
		SccLocalPath22 = CollectorService
	EndGlobalSection
	GlobalSection(SolutionConfigurationPlatforms) = preSolution
		Debug|Any CPU = Debug|Any CPU
		Debug|ARM = Debug|ARM
		Debug|Mixed Platforms = Debug|Mixed Platforms
		Debug|Win32 = Debug|Win32
		Debug|x64 = Debug|x64
		Debug|x86 = Debug|x86
		Release|Any CPU = Release|Any CPU
		Release|ARM = Release|ARM
		Release|Mixed Platforms = Release|Mixed Platforms
		Release|Win32 = Release|Win32
		Release|x64 = Release|x64
		Release|x86 = Release|x86
	EndGlobalSection
	GlobalSection(ProjectConfigurationPlatforms) = postSolution
		{8A96D6F3-AF9B-4754-A135-B61B95B35902}.Debug|Any CPU.ActiveCfg = Debug|Any CPU
		{8A96D6F3-AF9B-4754-A135-B61B95B35902}.Debug|Any CPU.Build.0 = Debug|Any CPU
		{8A96D6F3-AF9B-4754-A135-B61B95B35902}.Debug|ARM.ActiveCfg = Debug|Any CPU
		{8A96D6F3-AF9B-4754-A135-B61B95B35902}.Debug|Mixed Platforms.ActiveCfg = Debug|Any CPU
		{8A96D6F3-AF9B-4754-A135-B61B95B35902}.Debug|Mixed Platforms.Build.0 = Debug|Any CPU
		{8A96D6F3-AF9B-4754-A135-B61B95B35902}.Debug|Win32.ActiveCfg = Debug|Any CPU
		{8A96D6F3-AF9B-4754-A135-B61B95B35902}.Debug|x64.ActiveCfg = Debug|Any CPU
		{8A96D6F3-AF9B-4754-A135-B61B95B35902}.Debug|x86.ActiveCfg = Debug|Any CPU
		{8A96D6F3-AF9B-4754-A135-B61B95B35902}.Release|Any CPU.ActiveCfg = Release|Any CPU
		{8A96D6F3-AF9B-4754-A135-B61B95B35902}.Release|Any CPU.Build.0 = Release|Any CPU
		{8A96D6F3-AF9B-4754-A135-B61B95B35902}.Release|ARM.ActiveCfg = Release|Any CPU
		{8A96D6F3-AF9B-4754-A135-B61B95B35902}.Release|Mixed Platforms.ActiveCfg = Release|Any CPU
		{8A96D6F3-AF9B-4754-A135-B61B95B35902}.Release|Mixed Platforms.Build.0 = Release|Any CPU
		{8A96D6F3-AF9B-4754-A135-B61B95B35902}.Release|Win32.ActiveCfg = Release|Any CPU
		{8A96D6F3-AF9B-4754-A135-B61B95B35902}.Release|x64.ActiveCfg = Release|Any CPU
		{8A96D6F3-AF9B-4754-A135-B61B95B35902}.Release|x86.ActiveCfg = Release|Any CPU
		{132337DC-2BC1-4EE2-A534-2EB88E0C361B}.Debug|Any CPU.ActiveCfg = Debug|Any CPU
		{132337DC-2BC1-4EE2-A534-2EB88E0C361B}.Debug|Any CPU.Build.0 = Debug|Any CPU
		{132337DC-2BC1-4EE2-A534-2EB88E0C361B}.Debug|ARM.ActiveCfg = Debug|Any CPU
		{132337DC-2BC1-4EE2-A534-2EB88E0C361B}.Debug|Mixed Platforms.ActiveCfg = Debug|Any CPU
		{132337DC-2BC1-4EE2-A534-2EB88E0C361B}.Debug|Mixed Platforms.Build.0 = Debug|Any CPU
		{132337DC-2BC1-4EE2-A534-2EB88E0C361B}.Debug|Win32.ActiveCfg = Debug|Any CPU
		{132337DC-2BC1-4EE2-A534-2EB88E0C361B}.Debug|x64.ActiveCfg = Debug|Any CPU
		{132337DC-2BC1-4EE2-A534-2EB88E0C361B}.Debug|x86.ActiveCfg = Debug|Any CPU
		{132337DC-2BC1-4EE2-A534-2EB88E0C361B}.Release|Any CPU.ActiveCfg = Release|Any CPU
		{132337DC-2BC1-4EE2-A534-2EB88E0C361B}.Release|Any CPU.Build.0 = Release|Any CPU
		{132337DC-2BC1-4EE2-A534-2EB88E0C361B}.Release|ARM.ActiveCfg = Release|Any CPU
		{132337DC-2BC1-4EE2-A534-2EB88E0C361B}.Release|Mixed Platforms.ActiveCfg = Release|Any CPU
		{132337DC-2BC1-4EE2-A534-2EB88E0C361B}.Release|Mixed Platforms.Build.0 = Release|Any CPU
		{132337DC-2BC1-4EE2-A534-2EB88E0C361B}.Release|Win32.ActiveCfg = Release|Any CPU
		{132337DC-2BC1-4EE2-A534-2EB88E0C361B}.Release|x64.ActiveCfg = Release|Any CPU
		{132337DC-2BC1-4EE2-A534-2EB88E0C361B}.Release|x86.ActiveCfg = Release|Any CPU
		{9736B44E-8ED2-46A4-9AF8-594DDD1FAAA6}.Debug|Any CPU.ActiveCfg = Debug|Any CPU
		{9736B44E-8ED2-46A4-9AF8-594DDD1FAAA6}.Debug|Any CPU.Build.0 = Debug|Any CPU
		{9736B44E-8ED2-46A4-9AF8-594DDD1FAAA6}.Debug|ARM.ActiveCfg = Debug|Any CPU
		{9736B44E-8ED2-46A4-9AF8-594DDD1FAAA6}.Debug|Mixed Platforms.ActiveCfg = Debug|Any CPU
		{9736B44E-8ED2-46A4-9AF8-594DDD1FAAA6}.Debug|Mixed Platforms.Build.0 = Debug|Any CPU
		{9736B44E-8ED2-46A4-9AF8-594DDD1FAAA6}.Debug|Win32.ActiveCfg = Debug|Any CPU
		{9736B44E-8ED2-46A4-9AF8-594DDD1FAAA6}.Debug|x64.ActiveCfg = Debug|Any CPU
		{9736B44E-8ED2-46A4-9AF8-594DDD1FAAA6}.Debug|x86.ActiveCfg = Debug|Any CPU
		{9736B44E-8ED2-46A4-9AF8-594DDD1FAAA6}.Release|Any CPU.ActiveCfg = Release|Any CPU
		{9736B44E-8ED2-46A4-9AF8-594DDD1FAAA6}.Release|Any CPU.Build.0 = Release|Any CPU
		{9736B44E-8ED2-46A4-9AF8-594DDD1FAAA6}.Release|ARM.ActiveCfg = Release|Any CPU
		{9736B44E-8ED2-46A4-9AF8-594DDD1FAAA6}.Release|Mixed Platforms.ActiveCfg = Release|Any CPU
		{9736B44E-8ED2-46A4-9AF8-594DDD1FAAA6}.Release|Mixed Platforms.Build.0 = Release|Any CPU
		{9736B44E-8ED2-46A4-9AF8-594DDD1FAAA6}.Release|Win32.ActiveCfg = Release|Any CPU
		{9736B44E-8ED2-46A4-9AF8-594DDD1FAAA6}.Release|x64.ActiveCfg = Release|Any CPU
		{9736B44E-8ED2-46A4-9AF8-594DDD1FAAA6}.Release|x86.ActiveCfg = Release|Any CPU
		{3EA32F8F-1FEE-4536-A442-F87A58AFC71E}.Debug|Any CPU.ActiveCfg = Debug|Any CPU
		{3EA32F8F-1FEE-4536-A442-F87A58AFC71E}.Debug|Any CPU.Build.0 = Debug|Any CPU
		{3EA32F8F-1FEE-4536-A442-F87A58AFC71E}.Debug|ARM.ActiveCfg = Debug|Any CPU
		{3EA32F8F-1FEE-4536-A442-F87A58AFC71E}.Debug|Mixed Platforms.ActiveCfg = Debug|Any CPU
		{3EA32F8F-1FEE-4536-A442-F87A58AFC71E}.Debug|Mixed Platforms.Build.0 = Debug|Any CPU
		{3EA32F8F-1FEE-4536-A442-F87A58AFC71E}.Debug|Win32.ActiveCfg = Debug|Any CPU
		{3EA32F8F-1FEE-4536-A442-F87A58AFC71E}.Debug|x64.ActiveCfg = Debug|Any CPU
		{3EA32F8F-1FEE-4536-A442-F87A58AFC71E}.Debug|x86.ActiveCfg = Debug|Any CPU
		{3EA32F8F-1FEE-4536-A442-F87A58AFC71E}.Release|Any CPU.ActiveCfg = Release|Any CPU
		{3EA32F8F-1FEE-4536-A442-F87A58AFC71E}.Release|Any CPU.Build.0 = Release|Any CPU
		{3EA32F8F-1FEE-4536-A442-F87A58AFC71E}.Release|ARM.ActiveCfg = Release|Any CPU
		{3EA32F8F-1FEE-4536-A442-F87A58AFC71E}.Release|Mixed Platforms.ActiveCfg = Release|Any CPU
		{3EA32F8F-1FEE-4536-A442-F87A58AFC71E}.Release|Mixed Platforms.Build.0 = Release|Any CPU
		{3EA32F8F-1FEE-4536-A442-F87A58AFC71E}.Release|Win32.ActiveCfg = Release|Any CPU
		{3EA32F8F-1FEE-4536-A442-F87A58AFC71E}.Release|x64.ActiveCfg = Release|Any CPU
		{3EA32F8F-1FEE-4536-A442-F87A58AFC71E}.Release|x86.ActiveCfg = Release|Any CPU
		{18A82984-5446-4186-B465-BB5B25AAA63A}.Debug|Any CPU.ActiveCfg = Debug|Any CPU
		{18A82984-5446-4186-B465-BB5B25AAA63A}.Debug|Any CPU.Build.0 = Debug|Any CPU
		{18A82984-5446-4186-B465-BB5B25AAA63A}.Debug|ARM.ActiveCfg = Debug|Any CPU
		{18A82984-5446-4186-B465-BB5B25AAA63A}.Debug|Mixed Platforms.ActiveCfg = Debug|Any CPU
		{18A82984-5446-4186-B465-BB5B25AAA63A}.Debug|Mixed Platforms.Build.0 = Debug|Any CPU
		{18A82984-5446-4186-B465-BB5B25AAA63A}.Debug|Win32.ActiveCfg = Debug|Any CPU
		{18A82984-5446-4186-B465-BB5B25AAA63A}.Debug|x64.ActiveCfg = Debug|Any CPU
		{18A82984-5446-4186-B465-BB5B25AAA63A}.Debug|x86.ActiveCfg = Debug|Any CPU
		{18A82984-5446-4186-B465-BB5B25AAA63A}.Release|Any CPU.ActiveCfg = Release|Any CPU
		{18A82984-5446-4186-B465-BB5B25AAA63A}.Release|Any CPU.Build.0 = Release|Any CPU
		{18A82984-5446-4186-B465-BB5B25AAA63A}.Release|ARM.ActiveCfg = Release|Any CPU
		{18A82984-5446-4186-B465-BB5B25AAA63A}.Release|Mixed Platforms.ActiveCfg = Release|Any CPU
		{18A82984-5446-4186-B465-BB5B25AAA63A}.Release|Mixed Platforms.Build.0 = Release|Any CPU
		{18A82984-5446-4186-B465-BB5B25AAA63A}.Release|Win32.ActiveCfg = Release|Any CPU
		{18A82984-5446-4186-B465-BB5B25AAA63A}.Release|x64.ActiveCfg = Release|Any CPU
		{18A82984-5446-4186-B465-BB5B25AAA63A}.Release|x86.ActiveCfg = Release|Any CPU
		{DB21BDB0-CF1D-418E-856F-F54C9B979173}.Debug|Any CPU.ActiveCfg = Debug|Any CPU
		{DB21BDB0-CF1D-418E-856F-F54C9B979173}.Debug|Any CPU.Build.0 = Debug|Any CPU
		{DB21BDB0-CF1D-418E-856F-F54C9B979173}.Debug|ARM.ActiveCfg = Debug|Any CPU
		{DB21BDB0-CF1D-418E-856F-F54C9B979173}.Debug|Mixed Platforms.ActiveCfg = Debug|Any CPU
		{DB21BDB0-CF1D-418E-856F-F54C9B979173}.Debug|Mixed Platforms.Build.0 = Debug|Any CPU
		{DB21BDB0-CF1D-418E-856F-F54C9B979173}.Debug|Win32.ActiveCfg = Debug|Any CPU
		{DB21BDB0-CF1D-418E-856F-F54C9B979173}.Debug|x64.ActiveCfg = Debug|Any CPU
		{DB21BDB0-CF1D-418E-856F-F54C9B979173}.Debug|x86.ActiveCfg = Debug|Any CPU
		{DB21BDB0-CF1D-418E-856F-F54C9B979173}.Release|Any CPU.ActiveCfg = Release|Any CPU
		{DB21BDB0-CF1D-418E-856F-F54C9B979173}.Release|Any CPU.Build.0 = Release|Any CPU
		{DB21BDB0-CF1D-418E-856F-F54C9B979173}.Release|ARM.ActiveCfg = Release|Any CPU
		{DB21BDB0-CF1D-418E-856F-F54C9B979173}.Release|Mixed Platforms.ActiveCfg = Release|Any CPU
		{DB21BDB0-CF1D-418E-856F-F54C9B979173}.Release|Mixed Platforms.Build.0 = Release|Any CPU
		{DB21BDB0-CF1D-418E-856F-F54C9B979173}.Release|Win32.ActiveCfg = Release|Any CPU
		{DB21BDB0-CF1D-418E-856F-F54C9B979173}.Release|x64.ActiveCfg = Release|Any CPU
		{DB21BDB0-CF1D-418E-856F-F54C9B979173}.Release|x86.ActiveCfg = Release|Any CPU
		{DAB5727D-1074-4CFD-83AA-87E853BD996C}.Debug|Any CPU.ActiveCfg = Debug|Any CPU
		{DAB5727D-1074-4CFD-83AA-87E853BD996C}.Debug|Any CPU.Build.0 = Debug|Any CPU
		{DAB5727D-1074-4CFD-83AA-87E853BD996C}.Debug|ARM.ActiveCfg = Debug|Any CPU
		{DAB5727D-1074-4CFD-83AA-87E853BD996C}.Debug|Mixed Platforms.ActiveCfg = Debug|Any CPU
		{DAB5727D-1074-4CFD-83AA-87E853BD996C}.Debug|Mixed Platforms.Build.0 = Debug|Any CPU
		{DAB5727D-1074-4CFD-83AA-87E853BD996C}.Debug|Win32.ActiveCfg = Debug|Any CPU
		{DAB5727D-1074-4CFD-83AA-87E853BD996C}.Debug|x64.ActiveCfg = Debug|Any CPU
		{DAB5727D-1074-4CFD-83AA-87E853BD996C}.Debug|x86.ActiveCfg = Debug|Any CPU
		{DAB5727D-1074-4CFD-83AA-87E853BD996C}.Release|Any CPU.ActiveCfg = Release|Any CPU
		{DAB5727D-1074-4CFD-83AA-87E853BD996C}.Release|Any CPU.Build.0 = Release|Any CPU
		{DAB5727D-1074-4CFD-83AA-87E853BD996C}.Release|ARM.ActiveCfg = Release|Any CPU
		{DAB5727D-1074-4CFD-83AA-87E853BD996C}.Release|Mixed Platforms.ActiveCfg = Release|Any CPU
		{DAB5727D-1074-4CFD-83AA-87E853BD996C}.Release|Mixed Platforms.Build.0 = Release|Any CPU
		{DAB5727D-1074-4CFD-83AA-87E853BD996C}.Release|Win32.ActiveCfg = Release|Any CPU
		{DAB5727D-1074-4CFD-83AA-87E853BD996C}.Release|x64.ActiveCfg = Release|Any CPU
		{DAB5727D-1074-4CFD-83AA-87E853BD996C}.Release|x86.ActiveCfg = Release|Any CPU
		{594F38A8-80E2-4304-B860-98088639CB8D}.Debug|Any CPU.ActiveCfg = Debug|Any CPU
		{594F38A8-80E2-4304-B860-98088639CB8D}.Debug|Any CPU.Build.0 = Debug|Any CPU
		{594F38A8-80E2-4304-B860-98088639CB8D}.Debug|ARM.ActiveCfg = Debug|Any CPU
		{594F38A8-80E2-4304-B860-98088639CB8D}.Debug|Mixed Platforms.ActiveCfg = Debug|Any CPU
		{594F38A8-80E2-4304-B860-98088639CB8D}.Debug|Mixed Platforms.Build.0 = Debug|Any CPU
		{594F38A8-80E2-4304-B860-98088639CB8D}.Debug|Win32.ActiveCfg = Debug|Any CPU
		{594F38A8-80E2-4304-B860-98088639CB8D}.Debug|x64.ActiveCfg = Debug|Any CPU
		{594F38A8-80E2-4304-B860-98088639CB8D}.Debug|x86.ActiveCfg = Debug|Any CPU
		{594F38A8-80E2-4304-B860-98088639CB8D}.Release|Any CPU.ActiveCfg = Release|Any CPU
		{594F38A8-80E2-4304-B860-98088639CB8D}.Release|Any CPU.Build.0 = Release|Any CPU
		{594F38A8-80E2-4304-B860-98088639CB8D}.Release|ARM.ActiveCfg = Release|Any CPU
		{594F38A8-80E2-4304-B860-98088639CB8D}.Release|Mixed Platforms.ActiveCfg = Release|Any CPU
		{594F38A8-80E2-4304-B860-98088639CB8D}.Release|Mixed Platforms.Build.0 = Release|Any CPU
		{594F38A8-80E2-4304-B860-98088639CB8D}.Release|Win32.ActiveCfg = Release|Any CPU
		{594F38A8-80E2-4304-B860-98088639CB8D}.Release|x64.ActiveCfg = Release|Any CPU
		{594F38A8-80E2-4304-B860-98088639CB8D}.Release|x86.ActiveCfg = Release|Any CPU
		{3093F3E6-C8BA-4FC9-A7BC-CC9432221FDF}.Debug|Any CPU.ActiveCfg = Debug|Any CPU
		{3093F3E6-C8BA-4FC9-A7BC-CC9432221FDF}.Debug|Any CPU.Build.0 = Debug|Any CPU
		{3093F3E6-C8BA-4FC9-A7BC-CC9432221FDF}.Debug|Any CPU.Deploy.0 = Debug|Any CPU
		{3093F3E6-C8BA-4FC9-A7BC-CC9432221FDF}.Debug|ARM.ActiveCfg = Debug|Any CPU
		{3093F3E6-C8BA-4FC9-A7BC-CC9432221FDF}.Debug|Mixed Platforms.ActiveCfg = Debug|Any CPU
		{3093F3E6-C8BA-4FC9-A7BC-CC9432221FDF}.Debug|Mixed Platforms.Build.0 = Debug|Any CPU
		{3093F3E6-C8BA-4FC9-A7BC-CC9432221FDF}.Debug|Mixed Platforms.Deploy.0 = Debug|Any CPU
		{3093F3E6-C8BA-4FC9-A7BC-CC9432221FDF}.Debug|Win32.ActiveCfg = Debug|Any CPU
		{3093F3E6-C8BA-4FC9-A7BC-CC9432221FDF}.Debug|x64.ActiveCfg = Debug|Any CPU
		{3093F3E6-C8BA-4FC9-A7BC-CC9432221FDF}.Debug|x86.ActiveCfg = Debug|Any CPU
		{3093F3E6-C8BA-4FC9-A7BC-CC9432221FDF}.Release|Any CPU.ActiveCfg = Release|Any CPU
		{3093F3E6-C8BA-4FC9-A7BC-CC9432221FDF}.Release|Any CPU.Build.0 = Release|Any CPU
		{3093F3E6-C8BA-4FC9-A7BC-CC9432221FDF}.Release|Any CPU.Deploy.0 = Release|Any CPU
		{3093F3E6-C8BA-4FC9-A7BC-CC9432221FDF}.Release|ARM.ActiveCfg = Release|Any CPU
		{3093F3E6-C8BA-4FC9-A7BC-CC9432221FDF}.Release|Mixed Platforms.ActiveCfg = Release|Any CPU
		{3093F3E6-C8BA-4FC9-A7BC-CC9432221FDF}.Release|Mixed Platforms.Build.0 = Release|Any CPU
		{3093F3E6-C8BA-4FC9-A7BC-CC9432221FDF}.Release|Mixed Platforms.Deploy.0 = Release|Any CPU
		{3093F3E6-C8BA-4FC9-A7BC-CC9432221FDF}.Release|Win32.ActiveCfg = Release|Any CPU
		{3093F3E6-C8BA-4FC9-A7BC-CC9432221FDF}.Release|x64.ActiveCfg = Release|Any CPU
		{3093F3E6-C8BA-4FC9-A7BC-CC9432221FDF}.Release|x86.ActiveCfg = Release|Any CPU
		{40D9777F-FEA1-4A6A-91D2-67BA4C482E4C}.Debug|Any CPU.ActiveCfg = Debug|Win32
		{40D9777F-FEA1-4A6A-91D2-67BA4C482E4C}.Debug|ARM.ActiveCfg = Debug|Win32
		{40D9777F-FEA1-4A6A-91D2-67BA4C482E4C}.Debug|Mixed Platforms.ActiveCfg = Debug|Win32
		{40D9777F-FEA1-4A6A-91D2-67BA4C482E4C}.Debug|Mixed Platforms.Build.0 = Debug|Win32
		{40D9777F-FEA1-4A6A-91D2-67BA4C482E4C}.Debug|Win32.ActiveCfg = Debug|Win32
		{40D9777F-FEA1-4A6A-91D2-67BA4C482E4C}.Debug|Win32.Build.0 = Debug|Win32
		{40D9777F-FEA1-4A6A-91D2-67BA4C482E4C}.Debug|x64.ActiveCfg = Debug|Win32
		{40D9777F-FEA1-4A6A-91D2-67BA4C482E4C}.Debug|x86.ActiveCfg = Debug|Win32
		{40D9777F-FEA1-4A6A-91D2-67BA4C482E4C}.Debug|x86.Build.0 = Debug|Win32
		{40D9777F-FEA1-4A6A-91D2-67BA4C482E4C}.Release|Any CPU.ActiveCfg = Release|Win32
		{40D9777F-FEA1-4A6A-91D2-67BA4C482E4C}.Release|ARM.ActiveCfg = Release|Win32
		{40D9777F-FEA1-4A6A-91D2-67BA4C482E4C}.Release|Mixed Platforms.ActiveCfg = Release|Win32
		{40D9777F-FEA1-4A6A-91D2-67BA4C482E4C}.Release|Mixed Platforms.Build.0 = Release|Win32
		{40D9777F-FEA1-4A6A-91D2-67BA4C482E4C}.Release|Win32.ActiveCfg = Release|Win32
		{40D9777F-FEA1-4A6A-91D2-67BA4C482E4C}.Release|Win32.Build.0 = Release|Win32
		{40D9777F-FEA1-4A6A-91D2-67BA4C482E4C}.Release|x64.ActiveCfg = Release|Win32
		{40D9777F-FEA1-4A6A-91D2-67BA4C482E4C}.Release|x86.ActiveCfg = Release|Win32
		{40D9777F-FEA1-4A6A-91D2-67BA4C482E4C}.Release|x86.Build.0 = Release|Win32
		{5365BE03-9C5D-427C-BF8D-905ADA3C267F}.Debug|Any CPU.ActiveCfg = Debug|Any CPU
		{5365BE03-9C5D-427C-BF8D-905ADA3C267F}.Debug|Any CPU.Build.0 = Debug|Any CPU
		{5365BE03-9C5D-427C-BF8D-905ADA3C267F}.Debug|ARM.ActiveCfg = Debug|Any CPU
		{5365BE03-9C5D-427C-BF8D-905ADA3C267F}.Debug|Mixed Platforms.ActiveCfg = Debug|Any CPU
		{5365BE03-9C5D-427C-BF8D-905ADA3C267F}.Debug|Mixed Platforms.Build.0 = Debug|Any CPU
		{5365BE03-9C5D-427C-BF8D-905ADA3C267F}.Debug|Win32.ActiveCfg = Debug|Any CPU
		{5365BE03-9C5D-427C-BF8D-905ADA3C267F}.Debug|x64.ActiveCfg = Debug|Any CPU
		{5365BE03-9C5D-427C-BF8D-905ADA3C267F}.Debug|x86.ActiveCfg = Debug|Any CPU
		{5365BE03-9C5D-427C-BF8D-905ADA3C267F}.Release|Any CPU.ActiveCfg = Release|Any CPU
		{5365BE03-9C5D-427C-BF8D-905ADA3C267F}.Release|Any CPU.Build.0 = Release|Any CPU
		{5365BE03-9C5D-427C-BF8D-905ADA3C267F}.Release|ARM.ActiveCfg = Release|Any CPU
		{5365BE03-9C5D-427C-BF8D-905ADA3C267F}.Release|Mixed Platforms.ActiveCfg = Release|Any CPU
		{5365BE03-9C5D-427C-BF8D-905ADA3C267F}.Release|Mixed Platforms.Build.0 = Release|Any CPU
		{5365BE03-9C5D-427C-BF8D-905ADA3C267F}.Release|Win32.ActiveCfg = Release|Any CPU
		{5365BE03-9C5D-427C-BF8D-905ADA3C267F}.Release|x64.ActiveCfg = Release|Any CPU
		{5365BE03-9C5D-427C-BF8D-905ADA3C267F}.Release|x86.ActiveCfg = Release|Any CPU
		{38BDC7BA-1248-4997-9542-C02B37A90B3D}.Debug|Any CPU.ActiveCfg = Debug|Any CPU
		{38BDC7BA-1248-4997-9542-C02B37A90B3D}.Debug|Any CPU.Build.0 = Debug|Any CPU
		{38BDC7BA-1248-4997-9542-C02B37A90B3D}.Debug|ARM.ActiveCfg = Debug|Any CPU
		{38BDC7BA-1248-4997-9542-C02B37A90B3D}.Debug|Mixed Platforms.ActiveCfg = Debug|Any CPU
		{38BDC7BA-1248-4997-9542-C02B37A90B3D}.Debug|Mixed Platforms.Build.0 = Debug|Any CPU
		{38BDC7BA-1248-4997-9542-C02B37A90B3D}.Debug|Win32.ActiveCfg = Debug|Any CPU
		{38BDC7BA-1248-4997-9542-C02B37A90B3D}.Debug|x64.ActiveCfg = Debug|Any CPU
		{38BDC7BA-1248-4997-9542-C02B37A90B3D}.Debug|x86.ActiveCfg = Debug|Any CPU
		{38BDC7BA-1248-4997-9542-C02B37A90B3D}.Release|Any CPU.ActiveCfg = Release|Any CPU
		{38BDC7BA-1248-4997-9542-C02B37A90B3D}.Release|Any CPU.Build.0 = Release|Any CPU
		{38BDC7BA-1248-4997-9542-C02B37A90B3D}.Release|ARM.ActiveCfg = Release|Any CPU
		{38BDC7BA-1248-4997-9542-C02B37A90B3D}.Release|Mixed Platforms.ActiveCfg = Release|Any CPU
		{38BDC7BA-1248-4997-9542-C02B37A90B3D}.Release|Mixed Platforms.Build.0 = Release|Any CPU
		{38BDC7BA-1248-4997-9542-C02B37A90B3D}.Release|Win32.ActiveCfg = Release|Any CPU
		{38BDC7BA-1248-4997-9542-C02B37A90B3D}.Release|x64.ActiveCfg = Release|Any CPU
		{38BDC7BA-1248-4997-9542-C02B37A90B3D}.Release|x86.ActiveCfg = Release|Any CPU
		{98AD9B12-5381-40A8-8377-88DB41E37E30}.Debug|Any CPU.ActiveCfg = Debug|Any CPU
		{98AD9B12-5381-40A8-8377-88DB41E37E30}.Debug|Any CPU.Build.0 = Debug|Any CPU
		{98AD9B12-5381-40A8-8377-88DB41E37E30}.Debug|ARM.ActiveCfg = Debug|Any CPU
		{98AD9B12-5381-40A8-8377-88DB41E37E30}.Debug|Mixed Platforms.ActiveCfg = Debug|Any CPU
		{98AD9B12-5381-40A8-8377-88DB41E37E30}.Debug|Mixed Platforms.Build.0 = Debug|Any CPU
		{98AD9B12-5381-40A8-8377-88DB41E37E30}.Debug|Win32.ActiveCfg = Debug|Any CPU
		{98AD9B12-5381-40A8-8377-88DB41E37E30}.Debug|x64.ActiveCfg = Debug|Any CPU
		{98AD9B12-5381-40A8-8377-88DB41E37E30}.Debug|x86.ActiveCfg = Debug|Any CPU
		{98AD9B12-5381-40A8-8377-88DB41E37E30}.Release|Any CPU.ActiveCfg = Release|Any CPU
		{98AD9B12-5381-40A8-8377-88DB41E37E30}.Release|Any CPU.Build.0 = Release|Any CPU
		{98AD9B12-5381-40A8-8377-88DB41E37E30}.Release|ARM.ActiveCfg = Release|Any CPU
		{98AD9B12-5381-40A8-8377-88DB41E37E30}.Release|Mixed Platforms.ActiveCfg = Release|Any CPU
		{98AD9B12-5381-40A8-8377-88DB41E37E30}.Release|Mixed Platforms.Build.0 = Release|Any CPU
		{98AD9B12-5381-40A8-8377-88DB41E37E30}.Release|Win32.ActiveCfg = Release|Any CPU
		{98AD9B12-5381-40A8-8377-88DB41E37E30}.Release|x64.ActiveCfg = Release|Any CPU
		{98AD9B12-5381-40A8-8377-88DB41E37E30}.Release|x86.ActiveCfg = Release|Any CPU
		{4D9E5A96-BCCC-4682-8814-7FDCA079E392}.Debug|Any CPU.ActiveCfg = Debug|Any CPU
		{4D9E5A96-BCCC-4682-8814-7FDCA079E392}.Debug|Any CPU.Build.0 = Debug|Any CPU
		{4D9E5A96-BCCC-4682-8814-7FDCA079E392}.Debug|ARM.ActiveCfg = Debug|Any CPU
		{4D9E5A96-BCCC-4682-8814-7FDCA079E392}.Debug|Mixed Platforms.ActiveCfg = Debug|Any CPU
		{4D9E5A96-BCCC-4682-8814-7FDCA079E392}.Debug|Mixed Platforms.Build.0 = Debug|Any CPU
		{4D9E5A96-BCCC-4682-8814-7FDCA079E392}.Debug|Win32.ActiveCfg = Debug|Any CPU
		{4D9E5A96-BCCC-4682-8814-7FDCA079E392}.Debug|x64.ActiveCfg = Debug|Any CPU
		{4D9E5A96-BCCC-4682-8814-7FDCA079E392}.Debug|x86.ActiveCfg = Debug|Any CPU
		{4D9E5A96-BCCC-4682-8814-7FDCA079E392}.Release|Any CPU.ActiveCfg = Release|Any CPU
		{4D9E5A96-BCCC-4682-8814-7FDCA079E392}.Release|Any CPU.Build.0 = Release|Any CPU
		{4D9E5A96-BCCC-4682-8814-7FDCA079E392}.Release|ARM.ActiveCfg = Release|Any CPU
		{4D9E5A96-BCCC-4682-8814-7FDCA079E392}.Release|Mixed Platforms.ActiveCfg = Release|Any CPU
		{4D9E5A96-BCCC-4682-8814-7FDCA079E392}.Release|Mixed Platforms.Build.0 = Release|Any CPU
		{4D9E5A96-BCCC-4682-8814-7FDCA079E392}.Release|Win32.ActiveCfg = Release|Any CPU
		{4D9E5A96-BCCC-4682-8814-7FDCA079E392}.Release|x64.ActiveCfg = Release|Any CPU
		{4D9E5A96-BCCC-4682-8814-7FDCA079E392}.Release|x86.ActiveCfg = Release|Any CPU
		{2275B63E-A7F1-4675-B81D-74C4ED87102D}.Debug|Any CPU.ActiveCfg = Debug|Any CPU
		{2275B63E-A7F1-4675-B81D-74C4ED87102D}.Debug|Any CPU.Build.0 = Debug|Any CPU
		{2275B63E-A7F1-4675-B81D-74C4ED87102D}.Debug|ARM.ActiveCfg = Debug|Any CPU
		{2275B63E-A7F1-4675-B81D-74C4ED87102D}.Debug|Mixed Platforms.ActiveCfg = Debug|Any CPU
		{2275B63E-A7F1-4675-B81D-74C4ED87102D}.Debug|Mixed Platforms.Build.0 = Debug|Any CPU
		{2275B63E-A7F1-4675-B81D-74C4ED87102D}.Debug|Win32.ActiveCfg = Debug|Any CPU
		{2275B63E-A7F1-4675-B81D-74C4ED87102D}.Debug|x64.ActiveCfg = Debug|Any CPU
		{2275B63E-A7F1-4675-B81D-74C4ED87102D}.Debug|x86.ActiveCfg = Debug|Any CPU
		{2275B63E-A7F1-4675-B81D-74C4ED87102D}.Release|Any CPU.ActiveCfg = Release|Any CPU
		{2275B63E-A7F1-4675-B81D-74C4ED87102D}.Release|Any CPU.Build.0 = Release|Any CPU
		{2275B63E-A7F1-4675-B81D-74C4ED87102D}.Release|ARM.ActiveCfg = Release|Any CPU
		{2275B63E-A7F1-4675-B81D-74C4ED87102D}.Release|Mixed Platforms.ActiveCfg = Release|Any CPU
		{2275B63E-A7F1-4675-B81D-74C4ED87102D}.Release|Mixed Platforms.Build.0 = Release|Any CPU
		{2275B63E-A7F1-4675-B81D-74C4ED87102D}.Release|Win32.ActiveCfg = Release|Any CPU
		{2275B63E-A7F1-4675-B81D-74C4ED87102D}.Release|x64.ActiveCfg = Release|Any CPU
		{2275B63E-A7F1-4675-B81D-74C4ED87102D}.Release|x86.ActiveCfg = Release|Any CPU
		{B0D81801-4A72-4F52-BFEF-FCEA34CE6D2A}.Debug|Any CPU.ActiveCfg = Debug|Any CPU
		{B0D81801-4A72-4F52-BFEF-FCEA34CE6D2A}.Debug|Any CPU.Build.0 = Debug|Any CPU
		{B0D81801-4A72-4F52-BFEF-FCEA34CE6D2A}.Debug|ARM.ActiveCfg = Debug|Any CPU
		{B0D81801-4A72-4F52-BFEF-FCEA34CE6D2A}.Debug|Mixed Platforms.ActiveCfg = Debug|Any CPU
		{B0D81801-4A72-4F52-BFEF-FCEA34CE6D2A}.Debug|Mixed Platforms.Build.0 = Debug|Any CPU
		{B0D81801-4A72-4F52-BFEF-FCEA34CE6D2A}.Debug|Win32.ActiveCfg = Debug|Any CPU
		{B0D81801-4A72-4F52-BFEF-FCEA34CE6D2A}.Debug|x64.ActiveCfg = Debug|Any CPU
		{B0D81801-4A72-4F52-BFEF-FCEA34CE6D2A}.Debug|x86.ActiveCfg = Debug|Any CPU
		{B0D81801-4A72-4F52-BFEF-FCEA34CE6D2A}.Release|Any CPU.ActiveCfg = Release|Any CPU
		{B0D81801-4A72-4F52-BFEF-FCEA34CE6D2A}.Release|Any CPU.Build.0 = Release|Any CPU
		{B0D81801-4A72-4F52-BFEF-FCEA34CE6D2A}.Release|ARM.ActiveCfg = Release|Any CPU
		{B0D81801-4A72-4F52-BFEF-FCEA34CE6D2A}.Release|Mixed Platforms.ActiveCfg = Release|Any CPU
		{B0D81801-4A72-4F52-BFEF-FCEA34CE6D2A}.Release|Mixed Platforms.Build.0 = Release|Any CPU
		{B0D81801-4A72-4F52-BFEF-FCEA34CE6D2A}.Release|Win32.ActiveCfg = Release|Any CPU
		{B0D81801-4A72-4F52-BFEF-FCEA34CE6D2A}.Release|x64.ActiveCfg = Release|Any CPU
		{B0D81801-4A72-4F52-BFEF-FCEA34CE6D2A}.Release|x86.ActiveCfg = Release|Any CPU
		{EA49D5EE-309E-4089-ADEC-280E6A4DD6E8}.Debug|Any CPU.ActiveCfg = Debug|Any CPU
		{EA49D5EE-309E-4089-ADEC-280E6A4DD6E8}.Debug|Any CPU.Build.0 = Debug|Any CPU
		{EA49D5EE-309E-4089-ADEC-280E6A4DD6E8}.Debug|ARM.ActiveCfg = Debug|Any CPU
		{EA49D5EE-309E-4089-ADEC-280E6A4DD6E8}.Debug|Mixed Platforms.ActiveCfg = Debug|Any CPU
		{EA49D5EE-309E-4089-ADEC-280E6A4DD6E8}.Debug|Mixed Platforms.Build.0 = Debug|Any CPU
		{EA49D5EE-309E-4089-ADEC-280E6A4DD6E8}.Debug|Win32.ActiveCfg = Debug|Any CPU
		{EA49D5EE-309E-4089-ADEC-280E6A4DD6E8}.Debug|x64.ActiveCfg = Debug|Any CPU
		{EA49D5EE-309E-4089-ADEC-280E6A4DD6E8}.Debug|x86.ActiveCfg = Debug|Any CPU
		{EA49D5EE-309E-4089-ADEC-280E6A4DD6E8}.Release|Any CPU.ActiveCfg = Release|Any CPU
		{EA49D5EE-309E-4089-ADEC-280E6A4DD6E8}.Release|Any CPU.Build.0 = Release|Any CPU
		{EA49D5EE-309E-4089-ADEC-280E6A4DD6E8}.Release|ARM.ActiveCfg = Release|Any CPU
		{EA49D5EE-309E-4089-ADEC-280E6A4DD6E8}.Release|Mixed Platforms.ActiveCfg = Release|Any CPU
		{EA49D5EE-309E-4089-ADEC-280E6A4DD6E8}.Release|Mixed Platforms.Build.0 = Release|Any CPU
		{EA49D5EE-309E-4089-ADEC-280E6A4DD6E8}.Release|Win32.ActiveCfg = Release|Any CPU
		{EA49D5EE-309E-4089-ADEC-280E6A4DD6E8}.Release|x64.ActiveCfg = Release|Any CPU
		{EA49D5EE-309E-4089-ADEC-280E6A4DD6E8}.Release|x86.ActiveCfg = Release|Any CPU
		{82A5DDF3-BD82-40CA-8783-3B127CFDC35B}.Debug|Any CPU.ActiveCfg = Debug|Any CPU
		{82A5DDF3-BD82-40CA-8783-3B127CFDC35B}.Debug|Any CPU.Build.0 = Debug|Any CPU
		{82A5DDF3-BD82-40CA-8783-3B127CFDC35B}.Debug|ARM.ActiveCfg = Debug|Any CPU
		{82A5DDF3-BD82-40CA-8783-3B127CFDC35B}.Debug|Mixed Platforms.ActiveCfg = Debug|Any CPU
		{82A5DDF3-BD82-40CA-8783-3B127CFDC35B}.Debug|Mixed Platforms.Build.0 = Debug|Any CPU
		{82A5DDF3-BD82-40CA-8783-3B127CFDC35B}.Debug|Win32.ActiveCfg = Debug|Any CPU
		{82A5DDF3-BD82-40CA-8783-3B127CFDC35B}.Debug|x64.ActiveCfg = Debug|Any CPU
		{82A5DDF3-BD82-40CA-8783-3B127CFDC35B}.Debug|x86.ActiveCfg = Debug|Any CPU
		{82A5DDF3-BD82-40CA-8783-3B127CFDC35B}.Release|Any CPU.ActiveCfg = Release|Any CPU
		{82A5DDF3-BD82-40CA-8783-3B127CFDC35B}.Release|Any CPU.Build.0 = Release|Any CPU
		{82A5DDF3-BD82-40CA-8783-3B127CFDC35B}.Release|ARM.ActiveCfg = Release|Any CPU
		{82A5DDF3-BD82-40CA-8783-3B127CFDC35B}.Release|Mixed Platforms.ActiveCfg = Release|Any CPU
		{82A5DDF3-BD82-40CA-8783-3B127CFDC35B}.Release|Mixed Platforms.Build.0 = Release|Any CPU
		{82A5DDF3-BD82-40CA-8783-3B127CFDC35B}.Release|Win32.ActiveCfg = Release|Any CPU
		{82A5DDF3-BD82-40CA-8783-3B127CFDC35B}.Release|x64.ActiveCfg = Release|Any CPU
		{82A5DDF3-BD82-40CA-8783-3B127CFDC35B}.Release|x86.ActiveCfg = Release|Any CPU
		{E4B7BB71-42ED-4546-BD7F-E09881F19763}.Debug|Any CPU.ActiveCfg = Debug|Any CPU
		{E4B7BB71-42ED-4546-BD7F-E09881F19763}.Debug|Any CPU.Build.0 = Debug|Any CPU
		{E4B7BB71-42ED-4546-BD7F-E09881F19763}.Debug|ARM.ActiveCfg = Debug|Any CPU
		{E4B7BB71-42ED-4546-BD7F-E09881F19763}.Debug|Mixed Platforms.ActiveCfg = Debug|Any CPU
		{E4B7BB71-42ED-4546-BD7F-E09881F19763}.Debug|Mixed Platforms.Build.0 = Debug|Any CPU
		{E4B7BB71-42ED-4546-BD7F-E09881F19763}.Debug|Win32.ActiveCfg = Debug|Any CPU
		{E4B7BB71-42ED-4546-BD7F-E09881F19763}.Debug|x64.ActiveCfg = Debug|Any CPU
		{E4B7BB71-42ED-4546-BD7F-E09881F19763}.Debug|x86.ActiveCfg = Debug|Any CPU
		{E4B7BB71-42ED-4546-BD7F-E09881F19763}.Release|Any CPU.ActiveCfg = Release|Any CPU
		{E4B7BB71-42ED-4546-BD7F-E09881F19763}.Release|Any CPU.Build.0 = Release|Any CPU
		{E4B7BB71-42ED-4546-BD7F-E09881F19763}.Release|ARM.ActiveCfg = Release|Any CPU
		{E4B7BB71-42ED-4546-BD7F-E09881F19763}.Release|Mixed Platforms.ActiveCfg = Release|Any CPU
		{E4B7BB71-42ED-4546-BD7F-E09881F19763}.Release|Mixed Platforms.Build.0 = Release|Any CPU
		{E4B7BB71-42ED-4546-BD7F-E09881F19763}.Release|Win32.ActiveCfg = Release|Any CPU
		{E4B7BB71-42ED-4546-BD7F-E09881F19763}.Release|x64.ActiveCfg = Release|Any CPU
		{E4B7BB71-42ED-4546-BD7F-E09881F19763}.Release|x86.ActiveCfg = Release|Any CPU
		{A577C4AD-8871-4790-90CD-1DDC9B64E364}.Debug|Any CPU.ActiveCfg = Debug|Any CPU
		{A577C4AD-8871-4790-90CD-1DDC9B64E364}.Debug|Any CPU.Build.0 = Debug|Any CPU
		{A577C4AD-8871-4790-90CD-1DDC9B64E364}.Debug|ARM.ActiveCfg = Debug|Any CPU
		{A577C4AD-8871-4790-90CD-1DDC9B64E364}.Debug|Mixed Platforms.ActiveCfg = Debug|Any CPU
		{A577C4AD-8871-4790-90CD-1DDC9B64E364}.Debug|Mixed Platforms.Build.0 = Debug|Any CPU
		{A577C4AD-8871-4790-90CD-1DDC9B64E364}.Debug|Win32.ActiveCfg = Debug|Any CPU
		{A577C4AD-8871-4790-90CD-1DDC9B64E364}.Debug|x64.ActiveCfg = Debug|Any CPU
		{A577C4AD-8871-4790-90CD-1DDC9B64E364}.Debug|x86.ActiveCfg = Debug|Any CPU
		{A577C4AD-8871-4790-90CD-1DDC9B64E364}.Release|Any CPU.ActiveCfg = Release|Any CPU
		{A577C4AD-8871-4790-90CD-1DDC9B64E364}.Release|Any CPU.Build.0 = Release|Any CPU
		{A577C4AD-8871-4790-90CD-1DDC9B64E364}.Release|ARM.ActiveCfg = Release|Any CPU
		{A577C4AD-8871-4790-90CD-1DDC9B64E364}.Release|Mixed Platforms.ActiveCfg = Release|Any CPU
		{A577C4AD-8871-4790-90CD-1DDC9B64E364}.Release|Mixed Platforms.Build.0 = Release|Any CPU
		{A577C4AD-8871-4790-90CD-1DDC9B64E364}.Release|Win32.ActiveCfg = Release|Any CPU
		{A577C4AD-8871-4790-90CD-1DDC9B64E364}.Release|x64.ActiveCfg = Release|Any CPU
		{A577C4AD-8871-4790-90CD-1DDC9B64E364}.Release|x86.ActiveCfg = Release|Any CPU
		{D6918F2D-0400-4BE9-8ABB-9693E411C844}.Debug|Any CPU.ActiveCfg = Debug|Any CPU
		{D6918F2D-0400-4BE9-8ABB-9693E411C844}.Debug|Any CPU.Build.0 = Debug|Any CPU
		{D6918F2D-0400-4BE9-8ABB-9693E411C844}.Debug|ARM.ActiveCfg = Debug|Any CPU
		{D6918F2D-0400-4BE9-8ABB-9693E411C844}.Debug|Mixed Platforms.ActiveCfg = Debug|Any CPU
		{D6918F2D-0400-4BE9-8ABB-9693E411C844}.Debug|Mixed Platforms.Build.0 = Debug|Any CPU
		{D6918F2D-0400-4BE9-8ABB-9693E411C844}.Debug|Win32.ActiveCfg = Debug|Any CPU
		{D6918F2D-0400-4BE9-8ABB-9693E411C844}.Debug|x64.ActiveCfg = Debug|Any CPU
		{D6918F2D-0400-4BE9-8ABB-9693E411C844}.Debug|x86.ActiveCfg = Debug|Any CPU
		{D6918F2D-0400-4BE9-8ABB-9693E411C844}.Release|Any CPU.ActiveCfg = Release|Any CPU
		{D6918F2D-0400-4BE9-8ABB-9693E411C844}.Release|Any CPU.Build.0 = Release|Any CPU
		{D6918F2D-0400-4BE9-8ABB-9693E411C844}.Release|ARM.ActiveCfg = Release|Any CPU
		{D6918F2D-0400-4BE9-8ABB-9693E411C844}.Release|Mixed Platforms.ActiveCfg = Release|Any CPU
		{D6918F2D-0400-4BE9-8ABB-9693E411C844}.Release|Mixed Platforms.Build.0 = Release|Any CPU
		{D6918F2D-0400-4BE9-8ABB-9693E411C844}.Release|Win32.ActiveCfg = Release|Any CPU
		{D6918F2D-0400-4BE9-8ABB-9693E411C844}.Release|x64.ActiveCfg = Release|Any CPU
		{D6918F2D-0400-4BE9-8ABB-9693E411C844}.Release|x86.ActiveCfg = Release|Any CPU
		{F8515903-8410-425F-8826-A93701100756}.Debug|Any CPU.ActiveCfg = Debug|Any CPU
		{F8515903-8410-425F-8826-A93701100756}.Debug|Any CPU.Build.0 = Debug|Any CPU
		{F8515903-8410-425F-8826-A93701100756}.Debug|ARM.ActiveCfg = Debug|Any CPU
		{F8515903-8410-425F-8826-A93701100756}.Debug|Mixed Platforms.ActiveCfg = Debug|Any CPU
		{F8515903-8410-425F-8826-A93701100756}.Debug|Mixed Platforms.Build.0 = Debug|Any CPU
		{F8515903-8410-425F-8826-A93701100756}.Debug|Win32.ActiveCfg = Debug|Any CPU
		{F8515903-8410-425F-8826-A93701100756}.Debug|x64.ActiveCfg = Debug|Any CPU
		{F8515903-8410-425F-8826-A93701100756}.Debug|x86.ActiveCfg = Debug|Any CPU
		{F8515903-8410-425F-8826-A93701100756}.Release|Any CPU.ActiveCfg = Release|Any CPU
		{F8515903-8410-425F-8826-A93701100756}.Release|Any CPU.Build.0 = Release|Any CPU
		{F8515903-8410-425F-8826-A93701100756}.Release|ARM.ActiveCfg = Release|Any CPU
		{F8515903-8410-425F-8826-A93701100756}.Release|Mixed Platforms.ActiveCfg = Release|Any CPU
		{F8515903-8410-425F-8826-A93701100756}.Release|Mixed Platforms.Build.0 = Release|Any CPU
		{F8515903-8410-425F-8826-A93701100756}.Release|Win32.ActiveCfg = Release|Any CPU
		{F8515903-8410-425F-8826-A93701100756}.Release|x64.ActiveCfg = Release|Any CPU
		{F8515903-8410-425F-8826-A93701100756}.Release|x86.ActiveCfg = Release|Any CPU
	EndGlobalSection
	GlobalSection(SolutionProperties) = preSolution
		HideSolutionNode = FALSE
	EndGlobalSection
	GlobalSection(NestedProjects) = preSolution
		{40D9777F-FEA1-4A6A-91D2-67BA4C482E4C} = {55FDEB30-2CAA-4309-8F99-F58872F11253}
		{5365BE03-9C5D-427C-BF8D-905ADA3C267F} = {55FDEB30-2CAA-4309-8F99-F58872F11253}
		{38BDC7BA-1248-4997-9542-C02B37A90B3D} = {55FDEB30-2CAA-4309-8F99-F58872F11253}
		{98AD9B12-5381-40A8-8377-88DB41E37E30} = {55FDEB30-2CAA-4309-8F99-F58872F11253}
		{4D9E5A96-BCCC-4682-8814-7FDCA079E392} = {55FDEB30-2CAA-4309-8F99-F58872F11253}
		{2275B63E-A7F1-4675-B81D-74C4ED87102D} = {55FDEB30-2CAA-4309-8F99-F58872F11253}
		{B0D81801-4A72-4F52-BFEF-FCEA34CE6D2A} = {3A545452-6C40-4564-A0E3-70BEFD3A2BBE}
		{EA49D5EE-309E-4089-ADEC-280E6A4DD6E8} = {3A545452-6C40-4564-A0E3-70BEFD3A2BBE}
		{82A5DDF3-BD82-40CA-8783-3B127CFDC35B} = {DAEC6356-EDBC-45D7-89E8-76E88618A279}
		{E4B7BB71-42ED-4546-BD7F-E09881F19763} = {DAEC6356-EDBC-45D7-89E8-76E88618A279}
		{A577C4AD-8871-4790-90CD-1DDC9B64E364} = {AF9DB612-ED41-4B58-B247-6F3410EA83AC}
		{F8515903-8410-425F-8826-A93701100756} = {AF9DB612-ED41-4B58-B247-6F3410EA83AC}
	EndGlobalSection
	GlobalSection(ExtensibilityGlobals) = postSolution
		EnterpriseLibraryConfigurationToolBinariesPathV6 = packages\EnterpriseLibrary.Common.6.0.1304.0\lib\NET45;packages\EnterpriseLibrary.Logging.6.0.1304.0\lib\NET45;packages\EnterpriseLibrary.ExceptionHandling.6.0.1304.0\lib\NET45
	EndGlobalSection
EndGlobal
